
Microsoft Visual Studio Solution File, Format Version 12.00
# Visual Studio 15
VisualStudioVersion = 15.0.28010.2041
MinimumVisualStudioVersion = 10.0.40219.1
Project("{FAE04EC0-301F-11D3-BF4B-00C04F79EFBC}") = "ServerCore", "ServerCore\ServerCore.csproj", "{5162FF8F-163F-4624-86CF-69715FC16AE1}"
EndProject
Project("{FAE04EC0-301F-11D3-BF4B-00C04F79EFBC}") = "ServerWindow", "ServerWindow\ServerWindow.csproj", "{9C623F3D-3C18-4117-AFAB-74ECFB927203}"
EndProject
Global
	GlobalSection(SolutionConfigurationPlatforms) = preSolution
		Debug|Any CPU = Debug|Any CPU
		Release|Any CPU = Release|Any CPU
	EndGlobalSection
	GlobalSection(ProjectConfigurationPlatforms) = postSolution
		{5162FF8F-163F-4624-86CF-69715FC16AE1}.Debug|Any CPU.ActiveCfg = Debug|Any CPU
		{5162FF8F-163F-4624-86CF-69715FC16AE1}.Debug|Any CPU.Build.0 = Debug|Any CPU
		{5162FF8F-163F-4624-86CF-69715FC16AE1}.Release|Any CPU.ActiveCfg = Release|Any CPU
		{5162FF8F-163F-4624-86CF-69715FC16AE1}.Release|Any CPU.Build.0 = Release|Any CPU
		{9C623F3D-3C18-4117-AFAB-74ECFB927203}.Debug|Any CPU.ActiveCfg = Debug|Any CPU
		{9C623F3D-3C18-4117-AFAB-74ECFB927203}.Debug|Any CPU.Build.0 = Debug|Any CPU
		{9C623F3D-3C18-4117-AFAB-74ECFB927203}.Release|Any CPU.ActiveCfg = Release|Any CPU
		{9C623F3D-3C18-4117-AFAB-74ECFB927203}.Release|Any CPU.Build.0 = Release|Any CPU
	EndGlobalSection
	GlobalSection(SolutionProperties) = preSolution
		HideSolutionNode = FALSE
	EndGlobalSection
	GlobalSection(ExtensibilityGlobals) = postSolution
		SolutionGuid = {95721F58-3124-4022-A863-79806D74D576}
	EndGlobalSection
EndGlobal
